github.com/aws/aws-sdk-go-v2 v1.34.0 h1:9iyL+cjifckRGEVpRKZP3eIxVlL06Qk1Tk13vreaVQU=
github.com/aws/aws-sdk-go-v2 v1.34.0/go.mod h1:JgstGg0JjWU1KpVJjD5H0y0yyAIpSdKEq556EI6yOOM=
github.com/aws/aws-sdk-go-v2/aws/protocol/eventstream v1.6.8 h1:zAxi9p3wsZMIaVCdoiQp2uZ9k1LsZvmAnoTBeZPXom0=
github.com/aws/aws-sdk-go-v2/aws/protocol/eventstream v1.6.8/go.mod h1:3XkePX5dSaxveLAYY7nsbsZZrKxCyEuE5pM4ziFxyGg=
github.com/aws/aws-sdk-go-v2/config v1.29.2 h1:JuIxOEPcSKpMB0J+khMjznG9LIhIBdmqNiEcPclnwqc=
github.com/aws/aws-sdk-go-v2/config v1.29.2/go.mod h1:HktTHregOZwNSM/e7WTfVSu9RCX+3eOv+6ij27PtaYs=
github.com/aws/aws-sdk-go-v2/credentials v1.17.55 h1:CDhKnDEaGkLA5ZszV/qw5uwN5M8rbv9Cl0JRN+PRsaM=
github.com/aws/aws-sdk-go-v2/credentials v1.17.55/go.mod h1:kPD/vj+RB5MREDUky376+zdnjZpR+WgdBBvwrmnlmKE=
github.com/aws/aws-sdk-go-v2/feature/ec2/imds v1.16.25 h1:kU7tmXNaJ07LsyN3BUgGqAmVmQtq0w6duVIHAKfp0/w=
github.com/aws/aws-sdk-go-v2/feature/ec2/imds v1.16.25/go.mod h1:OiC8+OiqrURb1wrwmr/UbOVLFSWEGxjinj5C299VQdo=
github.com/aws/aws-sdk-go-v2/feature/s3/manager v1.17.54 h1:6BWOAho3Cgdy4cmNJ4HWY8VZgqODEU7Gw78XXireNZI=
github.com/aws/aws-sdk-go-v2/feature/s3/manager v1.17.54/go.mod h1:n+t/oyYErOV3jf/GxNTVlizSM9RMV1yH7jvcIvld3Do=
github.com/aws/aws-sdk-go-v2/internal/configsources v1.3.29 h1:Ej0Rf3GMv50Qh4G4852j2djtoDb7AzQ7MuQeFHa3D70=
github.com/aws/aws-sdk-go-v2/internal/configsources v1.3.29/go.mod h1:oeNTC7PwJNoM5AznVr23wxhLnuJv0ZDe5v7w0wqIs9M=
github.com/aws/aws-sdk-go-v2/internal/endpoints/v2 v2.6.29 h1:6e8a71X+9GfghragVevC5bZqvATtc3mAMgxpSNbgzF0=
github.com/aws/aws-sdk-go-v2/internal/endpoints/v2 v2.6.29/go.mod h1:c4jkZiQ+BWpNqq7VtrxjwISrLrt/VvPq3XiopkUIolI=
github.com/aws/aws-sdk-go-v2/internal/ini v1.8.2 h1:Pg9URiobXy85kgFev3og2CuOZ8JZUBENF+dcgWBaYNk=
github.com/aws/aws-sdk-go-v2/internal/ini v1.8.2/go.mod h1:FbtygfRFze9usAadmnGJNc8KsP346kEe+y2/oyhGAGc=
github.com/aws/aws-sdk-go-v2/internal/v4a v1.3.29 h1:g9OUETuxA8i/Www5Cby0R3WSTe7ppFTZXHVLNskNS4w=
github.com/aws/aws-sdk-go-v2/internal/v4a v1.3.29/go.mod h1:CQk+koLR1QeY1+vm7lqNfFii07DEderKq6T3F1L2pyc=
github.com/aws/aws-sdk-go-v2/service/internal/accept-encoding v1.12.2 h1:D4oz8/CzT9bAEYtVhSBmFj2dNOtaHOtMKc2vHBwYizA=
github.com/aws/aws-sdk-go-v2/service/internal/accept-encoding v1.12.2/go.mod h1:Za3IHqTQ+yNcRHxu1OFucBh0ACZT4j4VQFF0BqpZcLY=
github.com/aws/aws-sdk-go-v2/service/internal/checksum v1.5.3 h1:EP1ITDgYVPM2dL1bBBntJ7AW5yTjuWGz9XO+CZwpALU=
github.com/aws/aws-sdk-go-v2/service/internal/checksum v1.5.3/go.mod h1:5lWNWeAgWenJ/BZ/CP9k9DjLbC0pjnM045WjXRPPi14=
github.com/aws/aws-sdk-go-v2/service/internal/presigned-url v1.12.10 h1:hN4yJBGswmFTOVYqmbz1GBs9ZMtQe8SrYxPwrkrlRv8=
github.com/aws/aws-sdk-go-v2/service/internal/presigned-url v1.12.10/go.mod h1:TsxON4fEZXyrKY+D+3d2gSTyJkGORexIYab9PTf56DA=
github.com/aws/aws-sdk-go-v2/service/internal/s3shared v1.18.10 h1:fXoWC2gi7tdJYNTPnnlSGzEVwewUchOi8xVq/dkg8Qs=
github.com/aws/aws-sdk-go-v2/service/internal/s3shared v1.18.10/go.mod h1:cvzBApD5dVazHU8C2rbBQzzzsKc8m5+wNJ9mCRZLKPc=
github.com/aws/aws-sdk-go-v2/service/s3 v1.74.1 h1:9LawY3cDJ3HE+v2GMd5SOkNLDwgN4K7TsCjyVBYu/L4=
github.com/aws/aws-sdk-go-v2/service/s3 v1.74.1/go.mod h1:hHnELVnIHltd8EOF3YzahVX6F6y2C6dNqpRj1IMkS5I=
github.com/aws/aws-sdk-go-v2/service/sso v1.24.12 h1:kznaW4f81mNMlREkU9w3jUuJvU5g/KsqDV43ab7Rp6s=
github.com/aws/aws-sdk-go-v2/service/sso v1.24.12/go.mod h1:bZy9r8e0/s0P7BSDHgMLXK2KvdyRRBIQ2blKlvLt0IU=
github.com/aws/aws-sdk-go-v2/service/ssooidc v1.28.11 h1:mUwIpAvILeKFnRx4h1dEgGEFGuV8KJ3pEScZWVFYuZA=
github.com/aws/aws-sdk-go-v2/service/ssooidc v1.28.11/go.mod h1:JDJtD+b8HNVv71axz8+S5492KM8wTzHRFpMKQbPlYxw=
github.com/aws/aws-sdk-go-v2/service/sts v1.33.10 h1:g9d+TOsu3ac7SgmY2dUf1qMgu/uJVTlQ4VCbH6hRxSw=
github.com/aws/aws-sdk-go-v2/service/sts v1.33.10/go.mod h1:WZfNmntu92HO44MVZAubQaz3qCuIdeOdog2sADfU6hU=
github.com/aws/smithy-go v1.22.2 h1:6D9hW43xKFrRx/tXXfAlIZc4JI+yQe6snnWcQyxSyLQ=
github.com/aws/smithy-go v1.22.2/go.mod h1:irrKGvNn1InZwb2d7fkIRNucdfwR8R+Ts3wxYa/cJHg=
github.com/cespare/xxhash/v2 v2.1.2 h1:YRXhKfTDauu4ajMg1TPgFO5jnlC2HCbmLXMcTG5cbYE=
github.com/cespare/xxhash/v2 v2.1.2/go.mod h1:VGX0DQ3Q6kWi7AoAeZDth3/j3BFtOZR5XLFGgcrjCOs=
github.com/dgryski/go-rendezvous v0.0.0-20200823014737-9f7001d12a5f h1:lO4WD4F/rVNCu3HqELle0jiPLLBs70cWOduZpkS1E78=
github.com/dgryski/go-rendezvous v0.0.0-20200823014737-9f7001d12a5f/go.mod h1:cuUVRXasLTGF7a8hSLbxyZXjz+1KgoB3wDUb6vlszIc=
github.com/fsnotify/fsnotify v1.4.9 h1:hsms1Qyu0jgnwNXIxa+/V/PDsU6CfLf6CNO8H7IWoS4=
github.com/fsnotify/fsnotify v1.4.9/go.mod h1:znqG4EE+3YCdAaPaxE2ZRY/06pZUdp0tY4IgpuI1SZQ=
github.com/go-redis/redis/v8 v8.11.5 h1:AcZZR7igkdvfVmQTPnu9WE37LRrO/YrBH5zWyjDC0oI=
github.com/go-redis/redis/v8 v8.11.5/go.mod h1:gREzHqY1hg6oD9ngVRbLStwAWKhA0FEgq8Jd4h5lpwo=
github.com/nxadm/tail v1.4.8 h1:nPr65rt6Y5JFSKQO7qToXr7pePgD6Gwiw05lkbyAQTE=
github.com/nxadm/tail v1.4.8/go.mod h1:+ncqLTQzXmGhMZNUePPaPqPvBxHAIsmXswZKocGu+AU=
github.com/onsi/ginkgo v1.16.5 h1:8xi0RTUf59SOSfEtZMvwTvXYMzG4gV23XVHOZiXNtnE=
github.com/onsi/ginkgo v1.16.5/go.mod h1:+E8gABHa3K6zRBolWtd+ROzc/U5bkGt0FwiG042wbpU=
github.com/onsi/gomega v1.18.1 h1:M1GfJqGRrBrrGGsbxzV5dqM2U2ApXefZCQpkukxYRLE=
github.com/onsi/gomega v1.18.1/go.mod h1:0q+aL8jAiMXy9hbwj2mr5GziHiwhAIQpFmmtT5hitRs=
golang.org/x/net v0.0.0-20210428140749-89ef3d95e781 h1:DzZ89McO9/gWPsQXS/FVKAlG02ZjaQ6AlZRBimEYOd0=
golang.org/x/net v0.0.0-20210428140749-89ef3d95e781/go.mod h1:OJAsFXCWl8Ukc7SiCT/9KSuxbyM7479/AVlXFRxuMCk=
golang.org/x/sys v0.0.0-20211216021012-1d35b9e2eb4e h1:fLOSk5Q00efkSvAm+4xcoXD+RRmLmmulPn5I3Y9F2EM=
golang.org/x/sys v0.0.0-20211216021012-1d35b9e2eb4e/go.mod h1:oPkhp1MJrh7nUepCBck5+mAzfO9JrbApNNgaTdGDITg=
golang.org/x/text v0.3.6 h1:aRYxNxv6iGQlyVaZmk6ZgYEDa+Jg18DxebPSrd6bg1M=
golang.org/x/text v0.3.6/go.mod h1:5Zoc/QRtKVWzQhOtBMvqHzDpF6irO9z98xDceosuGiQ=
gopkg.in/tomb.v1 v1.0.0-20141024135613-dd632973f1e7 h1:uRGJdciOHaEIrze2W8Q3AKkepLTh2hOroT7a+7czfdQ=
gopkg.in/tomb.v1 v1.0.0-20141024135613-dd632973f1e7/go.mod h1:dt/ZhP58zS4L8KSrWDmTeBkI65Dw0HsyUHuEVlX15mw=
gopkg.in/yaml.v2 v2.4.0 h1:D8xgwECY7CYvx+Y2n4sBz93Jn9JRvxdiyyo8CTfuKaY=
gopkg.in/yaml.v2 v2.4.0/go.mod h1:RDklbk79AGWmwhnvt/jBztapEOGDOx6ZbXqjP6csGnQ=
